
Microsoft Visual Studio Solution File, Format Version 11.00
# Visual Studio 2010
Project("{FAE04EC0-301F-11D3-BF4B-00C04F79EFBC}") = "SpecsFor", "SpecsFor\SpecsFor.csproj", "{72F23E90-DA8D-40DE-B04E-112B93613D04}"
EndProject
Project("{FAE04EC0-301F-11D3-BF4B-00C04F79EFBC}") = "SpecsFor.Tests", "SpecsFor.Tests\SpecsFor.Tests.csproj", "{D123B65A-4C1C-49A5-AF9D-380AAAF7F006}"
EndProject
Project("{2150E333-8FDC-42A3-9474-1A3956D46DE8}") = "Resharper Templates", "Resharper Templates", "{C3508042-06EF-48A2-B873-8A04F35FBD41}"
	ProjectSection(SolutionItems) = preProject
		Resharper Templates\File Template.xml = Resharper Templates\File Template.xml
		Resharper Templates\LiveTemplates.xml = Resharper Templates\LiveTemplates.xml
	EndProjectSection
EndProject
Project("{FAE04EC0-301F-11D3-BF4B-00C04F79EFBC}") = "SpecsFor.Demo", "SpecsFor.Demo\SpecsFor.Demo.csproj", "{995CD0A1-83EB-4C62-9865-A99B346D1EB1}"
EndProject
Project("{FAE04EC0-301F-11D3-BF4B-00C04F79EFBC}") = "SpecsFor.Demo.Web", "SpecsFor.Demo.Web\SpecsFor.Demo.Web.csproj", "{026E903E-2381-49BE-A252-0AB5955CF7AB}"
EndProject
Project("{FAE04EC0-301F-11D3-BF4B-00C04F79EFBC}") = "SpecsFor.Demo.Web.UITests", "SpecsFor.Demo.Web.Tests\SpecsFor.Demo.Web.UITests.csproj", "{33E0F03F-B72C-439A-86DE-740839973529}"
EndProject
Project("{FAE04EC0-301F-11D3-BF4B-00C04F79EFBC}") = "SpecsFor.Mvc", "SpecsFor.Mvc\SpecsFor.Mvc.csproj", "{0B88D196-CA69-44CC-8F4E-E66FC6874C78}"
EndProject
Global
	GlobalSection(SolutionConfigurationPlatforms) = preSolution
		Debug|Any CPU = Debug|Any CPU
		Release|Any CPU = Release|Any CPU
	EndGlobalSection
	GlobalSection(ProjectConfigurationPlatforms) = postSolution
		{72F23E90-DA8D-40DE-B04E-112B93613D04}.Debug|Any CPU.ActiveCfg = Debug|Any CPU
		{72F23E90-DA8D-40DE-B04E-112B93613D04}.Debug|Any CPU.Build.0 = Debug|Any CPU
		{72F23E90-DA8D-40DE-B04E-112B93613D04}.Release|Any CPU.ActiveCfg = Release|Any CPU
		{72F23E90-DA8D-40DE-B04E-112B93613D04}.Release|Any CPU.Build.0 = Release|Any CPU
		{D123B65A-4C1C-49A5-AF9D-380AAAF7F006}.Debug|Any CPU.ActiveCfg = Debug|Any CPU
		{D123B65A-4C1C-49A5-AF9D-380AAAF7F006}.Debug|Any CPU.Build.0 = Debug|Any CPU
		{D123B65A-4C1C-49A5-AF9D-380AAAF7F006}.Release|Any CPU.ActiveCfg = Release|Any CPU
		{D123B65A-4C1C-49A5-AF9D-380AAAF7F006}.Release|Any CPU.Build.0 = Release|Any CPU
		{995CD0A1-83EB-4C62-9865-A99B346D1EB1}.Debug|Any CPU.ActiveCfg = Debug|Any CPU
		{995CD0A1-83EB-4C62-9865-A99B346D1EB1}.Debug|Any CPU.Build.0 = Debug|Any CPU
		{995CD0A1-83EB-4C62-9865-A99B346D1EB1}.Release|Any CPU.ActiveCfg = Release|Any CPU
		{995CD0A1-83EB-4C62-9865-A99B346D1EB1}.Release|Any CPU.Build.0 = Release|Any CPU
		{026E903E-2381-49BE-A252-0AB5955CF7AB}.Debug|Any CPU.ActiveCfg = Debug|Any CPU
		{026E903E-2381-49BE-A252-0AB5955CF7AB}.Debug|Any CPU.Build.0 = Debug|Any CPU
		{026E903E-2381-49BE-A252-0AB5955CF7AB}.Release|Any CPU.ActiveCfg = Release|Any CPU
		{026E903E-2381-49BE-A252-0AB5955CF7AB}.Release|Any CPU.Build.0 = Release|Any CPU
		{33E0F03F-B72C-439A-86DE-740839973529}.Debug|Any CPU.ActiveCfg = Debug|Any CPU
		{33E0F03F-B72C-439A-86DE-740839973529}.Debug|Any CPU.Build.0 = Debug|Any CPU
		{33E0F03F-B72C-439A-86DE-740839973529}.Release|Any CPU.ActiveCfg = Release|Any CPU
		{33E0F03F-B72C-439A-86DE-740839973529}.Release|Any CPU.Build.0 = Release|Any CPU
		{0B88D196-CA69-44CC-8F4E-E66FC6874C78}.Debug|Any CPU.ActiveCfg = Debug|Any CPU
		{0B88D196-CA69-44CC-8F4E-E66FC6874C78}.Debug|Any CPU.Build.0 = Debug|Any CPU
		{0B88D196-CA69-44CC-8F4E-E66FC6874C78}.Release|Any CPU.ActiveCfg = Release|Any CPU
		{0B88D196-CA69-44CC-8F4E-E66FC6874C78}.Release|Any CPU.Build.0 = Release|Any CPU
	EndGlobalSection
	GlobalSection(SolutionProperties) = preSolution
		HideSolutionNode = FALSE
	EndGlobalSection
EndGlobal
