
Microsoft Visual Studio Solution File, Format Version 12.00
# Visual Studio 2013
VisualStudioVersion = 12.0.30110.0
MinimumVisualStudioVersion = 10.0.40219.1
Project("{2150E333-8FDC-42A3-9474-1A3956D46DE8}") = "SpecsFor-MVC", "SpecsFor-MVC", "{62867F6E-E90B-4B60-9738-6DB88D11D57B}"
EndProject
Project("{2150E333-8FDC-42A3-9474-1A3956D46DE8}") = "SpecsFor-Core", "SpecsFor-Core", "{1DCC0825-52F0-4D1A-BDA5-6E756E3E6D09}"
EndProject
Project("{FAE04EC0-301F-11D3-BF4B-00C04F79EFBC}") = "SpecsFor", "SpecsFor\SpecsFor.csproj", "{72F23E90-DA8D-40DE-B04E-112B93613D04}"
EndProject
Project("{FAE04EC0-301F-11D3-BF4B-00C04F79EFBC}") = "SpecsFor.Tests", "SpecsFor.Tests\SpecsFor.Tests.csproj", "{D123B65A-4C1C-49A5-AF9D-380AAAF7F006}"
EndProject
Project("{FAE04EC0-301F-11D3-BF4B-00C04F79EFBC}") = "SpecsFor.Demo", "SpecsFor.Demo\SpecsFor.Demo.csproj", "{995CD0A1-83EB-4C62-9865-A99B346D1EB1}"
EndProject
Project("{FAE04EC0-301F-11D3-BF4B-00C04F79EFBC}") = "SpecsFor.Mvc.Demo", "SpecsFor.Mvc.Demo\SpecsFor.Mvc.Demo.csproj", "{026E903E-2381-49BE-A252-0AB5955CF7AB}"
EndProject
Project("{FAE04EC0-301F-11D3-BF4B-00C04F79EFBC}") = "SpecsFor.Mvc.Demo.AcceptanceTests", "SpecsFor.Mvc.Demo.AcceptanceTests\SpecsFor.Mvc.Demo.AcceptanceTests.csproj", "{33E0F03F-B72C-439A-86DE-740839973529}"
EndProject
Project("{FAE04EC0-301F-11D3-BF4B-00C04F79EFBC}") = "SpecsFor.Mvc", "SpecsFor.Mvc\SpecsFor.Mvc.csproj", "{0B88D196-CA69-44CC-8F4E-E66FC6874C78}"
EndProject
Project("{FAE04EC0-301F-11D3-BF4B-00C04F79EFBC}") = "SpecsFor.Mvc.Specs", "SpecsFor.Mvc.Specs\SpecsFor.Mvc.Specs.csproj", "{06F84306-ECBA-4C3C-8676-C54AFCB57A3B}"
EndProject
Project("{2150E333-8FDC-42A3-9474-1A3956D46DE8}") = ".nuget", ".nuget", "{1657B4AA-67D6-447D-B595-96419A1CBB93}"
	ProjectSection(SolutionItems) = preProject
		.nuget\NuGet.Config = .nuget\NuGet.Config
		.nuget\NuGet.targets = .nuget\NuGet.targets
	EndProjectSection
EndProject
Project("{2150E333-8FDC-42A3-9474-1A3956D46DE8}") = "ResharperTemplates", "ResharperTemplates", "{6C81B294-838B-4F77-BDA2-306BCF9F57C6}"
	ProjectSection(SolutionItems) = preProject
		ResharperTemplates\fileTemplates.DotSettings = ResharperTemplates\fileTemplates.DotSettings
		ResharperTemplates\liveTemplates.DotSettings = ResharperTemplates\liveTemplates.DotSettings
		ResharperTemplates\SpecsFor.Templates.nuspec = ResharperTemplates\SpecsFor.Templates.nuspec
	EndProjectSection
EndProject
Project("{2150E333-8FDC-42A3-9474-1A3956D46DE8}") = "SpecsFor-Helpers", "SpecsFor-Helpers", "{AD5D8C39-5748-4DA9-A92A-3F31CD1F2CB1}"
EndProject
Project("{FAE04EC0-301F-11D3-BF4B-00C04F79EFBC}") = "SpecsFor.Helpers.Web", "SpecsFor.Helpers.Web\SpecsFor.Helpers.Web.csproj", "{3ACAEC93-008F-48DA-A0A7-16D28F2B266E}"
EndProject
Project("{FAE04EC0-301F-11D3-BF4B-00C04F79EFBC}") = "SpecsFor.Helpers.Web.Specs", "SpecsFor.Helpers.Web.Specs\SpecsFor.Helpers.Web.Specs.csproj", "{2EC7FA53-2377-4B47-B833-CDDA24AF24A5}"
EndProject
Global
	GlobalSection(SolutionConfigurationPlatforms) = preSolution
		Debug|Any CPU = Debug|Any CPU
		Release|Any CPU = Release|Any CPU
	EndGlobalSection
	GlobalSection(ProjectConfigurationPlatforms) = postSolution
		{72F23E90-DA8D-40DE-B04E-112B93613D04}.Debug|Any CPU.ActiveCfg = Debug|Any CPU
		{72F23E90-DA8D-40DE-B04E-112B93613D04}.Debug|Any CPU.Build.0 = Debug|Any CPU
		{72F23E90-DA8D-40DE-B04E-112B93613D04}.Release|Any CPU.ActiveCfg = Release|Any CPU
		{72F23E90-DA8D-40DE-B04E-112B93613D04}.Release|Any CPU.Build.0 = Release|Any CPU
		{D123B65A-4C1C-49A5-AF9D-380AAAF7F006}.Debug|Any CPU.ActiveCfg = Debug|Any CPU
		{D123B65A-4C1C-49A5-AF9D-380AAAF7F006}.Debug|Any CPU.Build.0 = Debug|Any CPU
		{D123B65A-4C1C-49A5-AF9D-380AAAF7F006}.Release|Any CPU.ActiveCfg = Release|Any CPU
		{D123B65A-4C1C-49A5-AF9D-380AAAF7F006}.Release|Any CPU.Build.0 = Release|Any CPU
		{995CD0A1-83EB-4C62-9865-A99B346D1EB1}.Debug|Any CPU.ActiveCfg = Debug|Any CPU
		{995CD0A1-83EB-4C62-9865-A99B346D1EB1}.Debug|Any CPU.Build.0 = Debug|Any CPU
		{995CD0A1-83EB-4C62-9865-A99B346D1EB1}.Release|Any CPU.ActiveCfg = Release|Any CPU
		{995CD0A1-83EB-4C62-9865-A99B346D1EB1}.Release|Any CPU.Build.0 = Release|Any CPU
		{026E903E-2381-49BE-A252-0AB5955CF7AB}.Debug|Any CPU.ActiveCfg = Debug|Any CPU
		{026E903E-2381-49BE-A252-0AB5955CF7AB}.Debug|Any CPU.Build.0 = Debug|Any CPU
		{026E903E-2381-49BE-A252-0AB5955CF7AB}.Release|Any CPU.ActiveCfg = Release|Any CPU
		{026E903E-2381-49BE-A252-0AB5955CF7AB}.Release|Any CPU.Build.0 = Release|Any CPU
		{33E0F03F-B72C-439A-86DE-740839973529}.Debug|Any CPU.ActiveCfg = Debug|Any CPU
		{33E0F03F-B72C-439A-86DE-740839973529}.Debug|Any CPU.Build.0 = Debug|Any CPU
		{33E0F03F-B72C-439A-86DE-740839973529}.Release|Any CPU.ActiveCfg = Release|Any CPU
		{33E0F03F-B72C-439A-86DE-740839973529}.Release|Any CPU.Build.0 = Release|Any CPU
		{0B88D196-CA69-44CC-8F4E-E66FC6874C78}.Debug|Any CPU.ActiveCfg = Debug|Any CPU
		{0B88D196-CA69-44CC-8F4E-E66FC6874C78}.Debug|Any CPU.Build.0 = Debug|Any CPU
		{0B88D196-CA69-44CC-8F4E-E66FC6874C78}.Release|Any CPU.ActiveCfg = Release|Any CPU
		{0B88D196-CA69-44CC-8F4E-E66FC6874C78}.Release|Any CPU.Build.0 = Release|Any CPU
		{06F84306-ECBA-4C3C-8676-C54AFCB57A3B}.Debug|Any CPU.ActiveCfg = Debug|Any CPU
		{06F84306-ECBA-4C3C-8676-C54AFCB57A3B}.Debug|Any CPU.Build.0 = Debug|Any CPU
		{06F84306-ECBA-4C3C-8676-C54AFCB57A3B}.Release|Any CPU.ActiveCfg = Release|Any CPU
		{06F84306-ECBA-4C3C-8676-C54AFCB57A3B}.Release|Any CPU.Build.0 = Release|Any CPU
		{3ACAEC93-008F-48DA-A0A7-16D28F2B266E}.Debug|Any CPU.ActiveCfg = Debug|Any CPU
		{3ACAEC93-008F-48DA-A0A7-16D28F2B266E}.Debug|Any CPU.Build.0 = Debug|Any CPU
		{3ACAEC93-008F-48DA-A0A7-16D28F2B266E}.Release|Any CPU.ActiveCfg = Release|Any CPU
		{3ACAEC93-008F-48DA-A0A7-16D28F2B266E}.Release|Any CPU.Build.0 = Release|Any CPU
		{2EC7FA53-2377-4B47-B833-CDDA24AF24A5}.Debug|Any CPU.ActiveCfg = Debug|Any CPU
		{2EC7FA53-2377-4B47-B833-CDDA24AF24A5}.Debug|Any CPU.Build.0 = Debug|Any CPU
		{2EC7FA53-2377-4B47-B833-CDDA24AF24A5}.Release|Any CPU.ActiveCfg = Release|Any CPU
		{2EC7FA53-2377-4B47-B833-CDDA24AF24A5}.Release|Any CPU.Build.0 = Release|Any CPU
	EndGlobalSection
	GlobalSection(SolutionProperties) = preSolution
		HideSolutionNode = FALSE
	EndGlobalSection
	GlobalSection(NestedProjects) = preSolution
		{026E903E-2381-49BE-A252-0AB5955CF7AB} = {62867F6E-E90B-4B60-9738-6DB88D11D57B}
		{33E0F03F-B72C-439A-86DE-740839973529} = {62867F6E-E90B-4B60-9738-6DB88D11D57B}
		{0B88D196-CA69-44CC-8F4E-E66FC6874C78} = {62867F6E-E90B-4B60-9738-6DB88D11D57B}
		{06F84306-ECBA-4C3C-8676-C54AFCB57A3B} = {62867F6E-E90B-4B60-9738-6DB88D11D57B}
		{72F23E90-DA8D-40DE-B04E-112B93613D04} = {1DCC0825-52F0-4D1A-BDA5-6E756E3E6D09}
		{D123B65A-4C1C-49A5-AF9D-380AAAF7F006} = {1DCC0825-52F0-4D1A-BDA5-6E756E3E6D09}
		{995CD0A1-83EB-4C62-9865-A99B346D1EB1} = {1DCC0825-52F0-4D1A-BDA5-6E756E3E6D09}
		{3ACAEC93-008F-48DA-A0A7-16D28F2B266E} = {AD5D8C39-5748-4DA9-A92A-3F31CD1F2CB1}
		{2EC7FA53-2377-4B47-B833-CDDA24AF24A5} = {AD5D8C39-5748-4DA9-A92A-3F31CD1F2CB1}
	EndGlobalSection
EndGlobal
