
Microsoft Visual Studio Solution File, Format Version 12.00
# Visual Studio 14
VisualStudioVersion = 14.0.24720.0
MinimumVisualStudioVersion = 10.0.40219.1
Project("{2150E333-8FDC-42A3-9474-1A3956D46DE8}") = "Beginners", "Beginners", "{E6355F89-65EB-4853-8FE2-6E9BCC64B3EB}"
EndProject
Project("{FAE04EC0-301F-11D3-BF4B-00C04F79EFBC}") = "Beginners.Specs", "Beginners.Specs\Beginners.Specs.csproj", "{FC3B1F20-985D-4A5F-81FF-0811A17B9515}"
EndProject
Project("{FAE04EC0-301F-11D3-BF4B-00C04F79EFBC}") = "Beginners.Domain", "Beginners.Domain\Beginners.Domain.csproj", "{DCAEC9E7-AE22-4CCE-AB9F-F918D3FC58D4}"
EndProject
Project("{2150E333-8FDC-42A3-9474-1A3956D46DE8}") = "Helpers", "Helpers", "{1A3765C4-1581-424B-890C-78610805A8F0}"
EndProject
Project("{FAE04EC0-301F-11D3-BF4B-00C04F79EFBC}") = "SpecsForWebHelpers.Web", "SpecsForWebHelpers.Web\SpecsForWebHelpers.Web.csproj", "{B74EE30C-B4C5-470A-975C-143C5E80F0C2}"
EndProject
Project("{FAE04EC0-301F-11D3-BF4B-00C04F79EFBC}") = "SpecsForWebHelpers.Specs", "SpecsForWebHelpers.Specs\SpecsForWebHelpers.Specs.csproj", "{CF8FA82E-0381-4522-8DB8-5E8AE9AA6FEA}"
EndProject
Project("{2150E333-8FDC-42A3-9474-1A3956D46DE8}") = "SpecsForMvc", "SpecsForMvc", "{F2D97431-FDC6-4383-91A9-AB0336FF6B5E}"
EndProject
Project("{FAE04EC0-301F-11D3-BF4B-00C04F79EFBC}") = "WindowsAuthSampleApp", "WindowsAuthSampleApp\WindowsAuthSampleApp.csproj", "{42C326D7-6EBF-4CDA-AA9D-4E373BB644E1}"
EndProject
Project("{FAE04EC0-301F-11D3-BF4B-00C04F79EFBC}") = "WindowsAuthSampleApp.Specs", "WindowsAuthSampleApp.Specs\WindowsAuthSampleApp.Specs.csproj", "{A0E48142-6481-4CE2-BA89-322423491A8B}"
EndProject
Project("{2150E333-8FDC-42A3-9474-1A3956D46DE8}") = "Conventions", "Conventions", "{E783EA69-F579-4518-A4E9-455999BB9EA1}"
EndProject
Project("{FAE04EC0-301F-11D3-BF4B-00C04F79EFBC}") = "Conventions.Basics", "Conventions.Basics\Conventions.Basics.csproj", "{1D912BC7-E1CD-44E4-97F5-10AD9EDFA4ED}"
EndProject
Project("{FAE04EC0-301F-11D3-BF4B-00C04F79EFBC}") = "PartialMatching", "PartialMatching\PartialMatching.csproj", "{2DDF7827-B4C7-4191-B592-6B0EF73213F1}"
EndProject
Global
	GlobalSection(SolutionConfigurationPlatforms) = preSolution
		Debug|Any CPU = Debug|Any CPU
		Release|Any CPU = Release|Any CPU
	EndGlobalSection
	GlobalSection(ProjectConfigurationPlatforms) = postSolution
		{FC3B1F20-985D-4A5F-81FF-0811A17B9515}.Debug|Any CPU.ActiveCfg = Debug|Any CPU
		{FC3B1F20-985D-4A5F-81FF-0811A17B9515}.Debug|Any CPU.Build.0 = Debug|Any CPU
		{FC3B1F20-985D-4A5F-81FF-0811A17B9515}.Release|Any CPU.ActiveCfg = Release|Any CPU
		{FC3B1F20-985D-4A5F-81FF-0811A17B9515}.Release|Any CPU.Build.0 = Release|Any CPU
		{DCAEC9E7-AE22-4CCE-AB9F-F918D3FC58D4}.Debug|Any CPU.ActiveCfg = Debug|Any CPU
		{DCAEC9E7-AE22-4CCE-AB9F-F918D3FC58D4}.Debug|Any CPU.Build.0 = Debug|Any CPU
		{DCAEC9E7-AE22-4CCE-AB9F-F918D3FC58D4}.Release|Any CPU.ActiveCfg = Release|Any CPU
		{DCAEC9E7-AE22-4CCE-AB9F-F918D3FC58D4}.Release|Any CPU.Build.0 = Release|Any CPU
		{B74EE30C-B4C5-470A-975C-143C5E80F0C2}.Debug|Any CPU.ActiveCfg = Debug|Any CPU
		{B74EE30C-B4C5-470A-975C-143C5E80F0C2}.Debug|Any CPU.Build.0 = Debug|Any CPU
		{B74EE30C-B4C5-470A-975C-143C5E80F0C2}.Release|Any CPU.ActiveCfg = Release|Any CPU
		{B74EE30C-B4C5-470A-975C-143C5E80F0C2}.Release|Any CPU.Build.0 = Release|Any CPU
		{CF8FA82E-0381-4522-8DB8-5E8AE9AA6FEA}.Debug|Any CPU.ActiveCfg = Debug|Any CPU
		{CF8FA82E-0381-4522-8DB8-5E8AE9AA6FEA}.Debug|Any CPU.Build.0 = Debug|Any CPU
		{CF8FA82E-0381-4522-8DB8-5E8AE9AA6FEA}.Release|Any CPU.ActiveCfg = Release|Any CPU
		{CF8FA82E-0381-4522-8DB8-5E8AE9AA6FEA}.Release|Any CPU.Build.0 = Release|Any CPU
		{42C326D7-6EBF-4CDA-AA9D-4E373BB644E1}.Debug|Any CPU.ActiveCfg = Debug|Any CPU
		{42C326D7-6EBF-4CDA-AA9D-4E373BB644E1}.Debug|Any CPU.Build.0 = Debug|Any CPU
		{42C326D7-6EBF-4CDA-AA9D-4E373BB644E1}.Release|Any CPU.ActiveCfg = Release|Any CPU
		{42C326D7-6EBF-4CDA-AA9D-4E373BB644E1}.Release|Any CPU.Build.0 = Release|Any CPU
		{A0E48142-6481-4CE2-BA89-322423491A8B}.Debug|Any CPU.ActiveCfg = Debug|Any CPU
		{A0E48142-6481-4CE2-BA89-322423491A8B}.Debug|Any CPU.Build.0 = Debug|Any CPU
		{A0E48142-6481-4CE2-BA89-322423491A8B}.Release|Any CPU.ActiveCfg = Release|Any CPU
		{A0E48142-6481-4CE2-BA89-322423491A8B}.Release|Any CPU.Build.0 = Release|Any CPU
		{1D912BC7-E1CD-44E4-97F5-10AD9EDFA4ED}.Debug|Any CPU.ActiveCfg = Debug|Any CPU
		{1D912BC7-E1CD-44E4-97F5-10AD9EDFA4ED}.Debug|Any CPU.Build.0 = Debug|Any CPU
		{1D912BC7-E1CD-44E4-97F5-10AD9EDFA4ED}.Release|Any CPU.ActiveCfg = Release|Any CPU
		{1D912BC7-E1CD-44E4-97F5-10AD9EDFA4ED}.Release|Any CPU.Build.0 = Release|Any CPU
		{2DDF7827-B4C7-4191-B592-6B0EF73213F1}.Debug|Any CPU.ActiveCfg = Debug|Any CPU
		{2DDF7827-B4C7-4191-B592-6B0EF73213F1}.Debug|Any CPU.Build.0 = Debug|Any CPU
		{2DDF7827-B4C7-4191-B592-6B0EF73213F1}.Release|Any CPU.ActiveCfg = Release|Any CPU
		{2DDF7827-B4C7-4191-B592-6B0EF73213F1}.Release|Any CPU.Build.0 = Release|Any CPU
	EndGlobalSection
	GlobalSection(SolutionProperties) = preSolution
		HideSolutionNode = FALSE
	EndGlobalSection
	GlobalSection(NestedProjects) = preSolution
		{FC3B1F20-985D-4A5F-81FF-0811A17B9515} = {E6355F89-65EB-4853-8FE2-6E9BCC64B3EB}
		{DCAEC9E7-AE22-4CCE-AB9F-F918D3FC58D4} = {E6355F89-65EB-4853-8FE2-6E9BCC64B3EB}
		{B74EE30C-B4C5-470A-975C-143C5E80F0C2} = {1A3765C4-1581-424B-890C-78610805A8F0}
		{CF8FA82E-0381-4522-8DB8-5E8AE9AA6FEA} = {1A3765C4-1581-424B-890C-78610805A8F0}
		{42C326D7-6EBF-4CDA-AA9D-4E373BB644E1} = {F2D97431-FDC6-4383-91A9-AB0336FF6B5E}
		{A0E48142-6481-4CE2-BA89-322423491A8B} = {F2D97431-FDC6-4383-91A9-AB0336FF6B5E}
		{1D912BC7-E1CD-44E4-97F5-10AD9EDFA4ED} = {E783EA69-F579-4518-A4E9-455999BB9EA1}
		{2DDF7827-B4C7-4191-B592-6B0EF73213F1} = {E6355F89-65EB-4853-8FE2-6E9BCC64B3EB}
	EndGlobalSection
EndGlobal
