
Microsoft Visual Studio Solution File, Format Version 12.00
# Visual Studio 2013
VisualStudioVersion = 12.0.30723.0
MinimumVisualStudioVersion = 10.0.40219.1
Project("{2150E333-8FDC-42A3-9474-1A3956D46DE8}") = "Beginners", "Beginners", "{E6355F89-65EB-4853-8FE2-6E9BCC64B3EB}"
EndProject
Project("{FAE04EC0-301F-11D3-BF4B-00C04F79EFBC}") = "Beginners.Specs", "Beginners.Specs\Beginners.Specs.csproj", "{FC3B1F20-985D-4A5F-81FF-0811A17B9515}"
EndProject
Project("{FAE04EC0-301F-11D3-BF4B-00C04F79EFBC}") = "Beginners.Domain", "Beginners.Domain\Beginners.Domain.csproj", "{DCAEC9E7-AE22-4CCE-AB9F-F918D3FC58D4}"
EndProject
Global
	GlobalSection(SolutionConfigurationPlatforms) = preSolution
		Debug|Any CPU = Debug|Any CPU
		Release|Any CPU = Release|Any CPU
	EndGlobalSection
	GlobalSection(ProjectConfigurationPlatforms) = postSolution
		{FC3B1F20-985D-4A5F-81FF-0811A17B9515}.Debug|Any CPU.ActiveCfg = Debug|Any CPU
		{FC3B1F20-985D-4A5F-81FF-0811A17B9515}.Debug|Any CPU.Build.0 = Debug|Any CPU
		{FC3B1F20-985D-4A5F-81FF-0811A17B9515}.Release|Any CPU.ActiveCfg = Release|Any CPU
		{FC3B1F20-985D-4A5F-81FF-0811A17B9515}.Release|Any CPU.Build.0 = Release|Any CPU
		{DCAEC9E7-AE22-4CCE-AB9F-F918D3FC58D4}.Debug|Any CPU.ActiveCfg = Debug|Any CPU
		{DCAEC9E7-AE22-4CCE-AB9F-F918D3FC58D4}.Debug|Any CPU.Build.0 = Debug|Any CPU
		{DCAEC9E7-AE22-4CCE-AB9F-F918D3FC58D4}.Release|Any CPU.ActiveCfg = Release|Any CPU
		{DCAEC9E7-AE22-4CCE-AB9F-F918D3FC58D4}.Release|Any CPU.Build.0 = Release|Any CPU
	EndGlobalSection
	GlobalSection(SolutionProperties) = preSolution
		HideSolutionNode = FALSE
	EndGlobalSection
	GlobalSection(NestedProjects) = preSolution
		{FC3B1F20-985D-4A5F-81FF-0811A17B9515} = {E6355F89-65EB-4853-8FE2-6E9BCC64B3EB}
		{DCAEC9E7-AE22-4CCE-AB9F-F918D3FC58D4} = {E6355F89-65EB-4853-8FE2-6E9BCC64B3EB}
	EndGlobalSection
EndGlobal
